
Microsoft Visual Studio Solution File, Format Version 12.00
# Visual Studio Version 17
VisualStudioVersion = 17.2.32616.157
MinimumVisualStudioVersion = 10.0.40219.1
Project("{FAE04EC0-301F-11D3-BF4B-00C04F79EFBC}") = "Objects", "Objects\Objects.csproj", "{DF913608-5F2E-4281-84C7-645C9B7E07BC}"
EndProject
Global
	GlobalSection(SolutionConfigurationPlatforms) = preSolution
		Debug|Any CPU = Debug|Any CPU
		Release|Any CPU = Release|Any CPU
	EndGlobalSection
	GlobalSection(ProjectConfigurationPlatforms) = postSolution
		{DF913608-5F2E-4281-84C7-645C9B7E07BC}.Debug|Any CPU.ActiveCfg = Debug|Any CPU
		{DF913608-5F2E-4281-84C7-645C9B7E07BC}.Debug|Any CPU.Build.0 = Debug|Any CPU
		{DF913608-5F2E-4281-84C7-645C9B7E07BC}.Release|Any CPU.ActiveCfg = Release|Any CPU
		{DF913608-5F2E-4281-84C7-645C9B7E07BC}.Release|Any CPU.Build.0 = Release|Any CPU
	EndGlobalSection
	GlobalSection(SolutionProperties) = preSolution
		HideSolutionNode = FALSE
	EndGlobalSection
	GlobalSection(ExtensibilityGlobals) = postSolution
		SolutionGuid = {E78F007A-8A61-44F8-8A19-91092D0E2B9A}
	EndGlobalSection
EndGlobal
