
Microsoft Visual Studio Solution File, Format Version 12.00
# Visual Studio Version 17
VisualStudioVersion = 17.2.32616.157
MinimumVisualStudioVersion = 10.0.40219.1
Project("{FAE04EC0-301F-11D3-BF4B-00C04F79EFBC}") = "Chapter09Ex03", "Chapter09Ex03.csproj", "{B55E11ED-6773-401A-8B28-4021469FB281}"
EndProject
Global
	GlobalSection(SolutionConfigurationPlatforms) = preSolution
		Debug|Any CPU = Debug|Any CPU
		Release|Any CPU = Release|Any CPU
	EndGlobalSection
	GlobalSection(ProjectConfigurationPlatforms) = postSolution
		{B55E11ED-6773-401A-8B28-4021469FB281}.Debug|Any CPU.ActiveCfg = Debug|Any CPU
		{B55E11ED-6773-401A-8B28-4021469FB281}.Debug|Any CPU.Build.0 = Debug|Any CPU
		{B55E11ED-6773-401A-8B28-4021469FB281}.Release|Any CPU.ActiveCfg = Release|Any CPU
		{B55E11ED-6773-401A-8B28-4021469FB281}.Release|Any CPU.Build.0 = Release|Any CPU
	EndGlobalSection
	GlobalSection(SolutionProperties) = preSolution
		HideSolutionNode = FALSE
	EndGlobalSection
	GlobalSection(ExtensibilityGlobals) = postSolution
		SolutionGuid = {1326C587-C91A-4B74-8EAE-C12353B62B4B}
	EndGlobalSection
EndGlobal
