
Microsoft Visual Studio Solution File, Format Version 12.00
# Visual Studio Version 17
VisualStudioVersion = 17.2.32616.157
MinimumVisualStudioVersion = 10.0.40219.1
Project("{FAE04EC0-301F-11D3-BF4B-00C04F79EFBC}") = "Chapter04Ex04", "Chapter04Ex04.csproj", "{B59A80A2-B150-4900-8A6E-CE7BEE1E2B07}"
EndProject
Global
	GlobalSection(SolutionConfigurationPlatforms) = preSolution
		Debug|Any CPU = Debug|Any CPU
		Release|Any CPU = Release|Any CPU
	EndGlobalSection
	GlobalSection(ProjectConfigurationPlatforms) = postSolution
		{B59A80A2-B150-4900-8A6E-CE7BEE1E2B07}.Debug|Any CPU.ActiveCfg = Debug|Any CPU
		{B59A80A2-B150-4900-8A6E-CE7BEE1E2B07}.Debug|Any CPU.Build.0 = Debug|Any CPU
		{B59A80A2-B150-4900-8A6E-CE7BEE1E2B07}.Release|Any CPU.ActiveCfg = Release|Any CPU
		{B59A80A2-B150-4900-8A6E-CE7BEE1E2B07}.Release|Any CPU.Build.0 = Release|Any CPU
	EndGlobalSection
	GlobalSection(SolutionProperties) = preSolution
		HideSolutionNode = FALSE
	EndGlobalSection
	GlobalSection(ExtensibilityGlobals) = postSolution
		SolutionGuid = {9CD3E2EE-8BE4-44B0-A89F-BAEC3C80959F}
	EndGlobalSection
EndGlobal
