
Microsoft Visual Studio Solution File, Format Version 12.00
# Visual Studio Version 17
VisualStudioVersion = 17.2.32616.157
MinimumVisualStudioVersion = 10.0.40219.1
Project("{FAE04EC0-301F-11D3-BF4B-00C04F79EFBC}") = "Ch03ex01", "Ch03ex01.csproj", "{4ED1838E-D7F9-4001-80AC-F0C8AFB8EE0E}"
EndProject
Global
	GlobalSection(SolutionConfigurationPlatforms) = preSolution
		Debug|Any CPU = Debug|Any CPU
		Release|Any CPU = Release|Any CPU
	EndGlobalSection
	GlobalSection(ProjectConfigurationPlatforms) = postSolution
		{4ED1838E-D7F9-4001-80AC-F0C8AFB8EE0E}.Debug|Any CPU.ActiveCfg = Debug|Any CPU
		{4ED1838E-D7F9-4001-80AC-F0C8AFB8EE0E}.Debug|Any CPU.Build.0 = Debug|Any CPU
		{4ED1838E-D7F9-4001-80AC-F0C8AFB8EE0E}.Release|Any CPU.ActiveCfg = Release|Any CPU
		{4ED1838E-D7F9-4001-80AC-F0C8AFB8EE0E}.Release|Any CPU.Build.0 = Release|Any CPU
	EndGlobalSection
	GlobalSection(SolutionProperties) = preSolution
		HideSolutionNode = FALSE
	EndGlobalSection
	GlobalSection(ExtensibilityGlobals) = postSolution
		SolutionGuid = {221718BC-21F9-4950-AAF1-3988065FAECE}
	EndGlobalSection
EndGlobal
