
Microsoft Visual Studio Solution File, Format Version 12.00
# Visual Studio Version 17
VisualStudioVersion = 17.2.32616.157
MinimumVisualStudioVersion = 10.0.40219.1
Project("{FAE04EC0-301F-11D3-BF4B-00C04F79EFBC}") = "Chapter04Ex01", "Chapter04Ex01.csproj", "{C1D12987-16AD-4E4F-8EB5-E67A874202C5}"
EndProject
Project("{FAE04EC0-301F-11D3-BF4B-00C04F79EFBC}") = "Chapter04Ex02", "..\Chapter04Ex02\Chapter04Ex02.csproj", "{C93860C1-04F6-41D7-BCD9-0023FD748CDA}"
EndProject
Global
	GlobalSection(SolutionConfigurationPlatforms) = preSolution
		Debug|Any CPU = Debug|Any CPU
		Release|Any CPU = Release|Any CPU
	EndGlobalSection
	GlobalSection(ProjectConfigurationPlatforms) = postSolution
		{C1D12987-16AD-4E4F-8EB5-E67A874202C5}.Debug|Any CPU.ActiveCfg = Debug|Any CPU
		{C1D12987-16AD-4E4F-8EB5-E67A874202C5}.Debug|Any CPU.Build.0 = Debug|Any CPU
		{C1D12987-16AD-4E4F-8EB5-E67A874202C5}.Release|Any CPU.ActiveCfg = Release|Any CPU
		{C1D12987-16AD-4E4F-8EB5-E67A874202C5}.Release|Any CPU.Build.0 = Release|Any CPU
		{C93860C1-04F6-41D7-BCD9-0023FD748CDA}.Debug|Any CPU.ActiveCfg = Debug|Any CPU
		{C93860C1-04F6-41D7-BCD9-0023FD748CDA}.Debug|Any CPU.Build.0 = Debug|Any CPU
		{C93860C1-04F6-41D7-BCD9-0023FD748CDA}.Release|Any CPU.ActiveCfg = Release|Any CPU
		{C93860C1-04F6-41D7-BCD9-0023FD748CDA}.Release|Any CPU.Build.0 = Release|Any CPU
	EndGlobalSection
	GlobalSection(SolutionProperties) = preSolution
		HideSolutionNode = FALSE
	EndGlobalSection
	GlobalSection(ExtensibilityGlobals) = postSolution
		SolutionGuid = {DCB25D74-F7EA-410A-AAFA-B91D2CAA9498}
	EndGlobalSection
EndGlobal
